{
  "name": "openclaw-deepseek-provider-2481ed984b",
  "lockfileVersion": 3,
  "requires": true,
  "packages": {
    "": {
      "dependencies": {
        "@openclaw/deepseek-provider": "2026.7.1"
      }
    },
    "node_modules/@openclaw/deepseek-provider": {
      "version": "2026.7.1",
      "resolved": "https://registry.npmmirror.com/@openclaw/deepseek-provider/-/deepseek-provider-2026.7.1.tgz",
      "integrity": "sha512-HlIKALeL3+Cuv4bBXjiE8vaBxsSRCB97UjthtnZy0a4JB1R4eupu+hfoSRSLjWNrAWr3uRJMZsT/tDNV8NAZJg==",
      "hasShrinkwrap": true,
      "peerDependencies": {
        "openclaw": ">=2026.7.1"
      },
      "peerDependenciesMeta": {
        "openclaw": {
          "optional": true
        }
      }
    }
  }
}
