{
  "name": "tencent-weixin-openclaw-weixin-7783ac86ba",
  "lockfileVersion": 3,
  "requires": true,
  "packages": {
    "": {
      "dependencies": {
        "@tencent-weixin/openclaw-weixin": "2.4.6"
      }
    },
    "node_modules/@tencent-weixin/openclaw-weixin": {
      "version": "2.4.6",
      "resolved": "https://registry.npmmirror.com/@tencent-weixin/openclaw-weixin/-/openclaw-weixin-2.4.6.tgz",
      "integrity": "sha512-qw9k3PLTiMWGNjjsknHgcTManH1w4j+Ji1ArWIaYLKCq3aFRsVwcqnPi127bvOoVMJGW4dbyJ8NECEMgoO+iRw==",
      "license": "MIT",
      "dependencies": {
        "qrcode-terminal": "0.12.0",
        "zod": "^4.3.6"
      },
      "engines": {
        "node": ">=22"
      },
      "peerDependencies": {
        "openclaw": ">=2026.5.12"
      }
    },
    "node_modules/qrcode-terminal": {
      "version": "0.12.0",
      "resolved": "https://registry.npmmirror.com/qrcode-terminal/-/qrcode-terminal-0.12.0.tgz",
      "integrity": "sha512-EXtzRZmC+YGmGlDFbXKxQiMZNwCLEO6BANKXG4iCtSIM0yqc/pappSx3RIKr4r0uh5JsBckOXeKrB3Iz7mdQpQ==",
      "bin": {
        "qrcode-terminal": "bin/qrcode-terminal.js"
      }
    },
    "node_modules/zod": {
      "version": "4.4.3",
      "resolved": "https://registry.npmmirror.com/zod/-/zod-4.4.3.tgz",
      "integrity": "sha512-ytENFjIJFl2UwYglde2jchW2Hwm4GJFLDiSXWdTrJQBIN9Fcyp7n4DhxJEiWNAJMV1/BqWfW/kkg71UDcHJyTQ==",
      "license": "MIT",
      "funding": {
        "url": "https://github.com/sponsors/colinhacks"
      }
    }
  }
}
