{
  "name": "openclaw-qwen-provider-ff9f55ade7",
  "lockfileVersion": 3,
  "requires": true,
  "packages": {
    "": {
      "dependencies": {
        "@openclaw/qwen-provider": "2026.7.1"
      }
    },
    "node_modules/@openclaw/qwen-provider": {
      "version": "2026.7.1",
      "resolved": "https://registry.npmmirror.com/@openclaw/qwen-provider/-/qwen-provider-2026.7.1.tgz",
      "integrity": "sha512-1UqH8MY0gGL8rtTEKBI/M4PEtSAuPNEs8DodJ7y752p3pE2BkIPed6Sm1RRJ+g1WfL0IxmTlkxdwZ8xXrdBhqw==",
      "hasShrinkwrap": true,
      "peerDependencies": {
        "openclaw": ">=2026.7.1"
      },
      "peerDependenciesMeta": {
        "openclaw": {
          "optional": true
        }
      }
    }
  }
}
